
Microsoft Visual Studio Solution File, Format Version 12.00
# Visual Studio 15
VisualStudioVersion = 15.0.28307.902
MinimumVisualStudioVersion = 10.0.40219.1
Project("{FAE04EC0-301F-11D3-BF4B-00C04F79EFBC}") = "HNChallenge.Api", "HNChallenge.Api\HNChallenge.Api.csproj", "{135A2B70-C20D-4F1B-8B52-54125349C126}"
EndProject
Project("{FAE04EC0-301F-11D3-BF4B-00C04F79EFBC}") = "HNChallenge.Api.Tests", "HNChallenge.Api.Tests\HNChallenge.Api.Tests.csproj", "{F6101B8B-2834-4327-B306-84208D5AEE50}"
EndProject
Global
	GlobalSection(SolutionConfigurationPlatforms) = preSolution
		Debug|Any CPU = Debug|Any CPU
		Release|Any CPU = Release|Any CPU
	EndGlobalSection
	GlobalSection(ProjectConfigurationPlatforms) = postSolution
		{135A2B70-C20D-4F1B-8B52-54125349C126}.Debug|Any CPU.ActiveCfg = Debug|Any CPU
		{135A2B70-C20D-4F1B-8B52-54125349C126}.Debug|Any CPU.Build.0 = Debug|Any CPU
		{135A2B70-C20D-4F1B-8B52-54125349C126}.Release|Any CPU.ActiveCfg = Release|Any CPU
		{135A2B70-C20D-4F1B-8B52-54125349C126}.Release|Any CPU.Build.0 = Release|Any CPU
		{F6101B8B-2834-4327-B306-84208D5AEE50}.Debug|Any CPU.ActiveCfg = Debug|Any CPU
		{F6101B8B-2834-4327-B306-84208D5AEE50}.Debug|Any CPU.Build.0 = Debug|Any CPU
		{F6101B8B-2834-4327-B306-84208D5AEE50}.Release|Any CPU.ActiveCfg = Release|Any CPU
		{F6101B8B-2834-4327-B306-84208D5AEE50}.Release|Any CPU.Build.0 = Release|Any CPU
	EndGlobalSection
	GlobalSection(SolutionProperties) = preSolution
		HideSolutionNode = FALSE
	EndGlobalSection
	GlobalSection(ExtensibilityGlobals) = postSolution
		SolutionGuid = {A3434F12-F3DF-4175-A70B-0BC8579D3BE8}
	EndGlobalSection
EndGlobal
